hash: 6ecacc2c5712f1dc8fd8743e1f6c4682497cb557e929e2c715179f32d4e13c26
updated: 2016-06-30T17:03:32.419121887-07:00
imports:
- name: github.com/alecthomas/template
  version: a0175ee3bccc567396460bf5acd36800cb10c49c
  subpackages:
  - parse
- name: github.com/alecthomas/units
  version: 2efee857e7cfd4f3d0138cc3cbb1b4966962b93a
- name: github.com/go-sql-driver/mysql
  version: 3654d25ec346ee8ce71a68431025458d52a38ac0
- name: github.com/gorilla/context
  version: aed02d124ae4a0e94fea4541c8effd05bf0c8296
- name: github.com/gorilla/mux
  version: 9fa818a44c2bf1396a17f9d5a3c0f6dd39d2ff8e
- name: github.com/mattn/go-sqlite3
  version: 38ee283dabf11c9cbdb968eebd79b1fa7acbabe6
- name: golang.org/x/crypto
  version: 811831de4c4dd03a0b8737233af3b36852386373
  subpackages:
  - ssh
  - curve25519
  - ed25519
  - ed25519/internal/edwards25519
- name: gopkg.in/alecthomas/kingpin.v2
  version: 8cccfa8eb2e3183254457fb1749b2667fbc364c7
- name: gopkg.in/yaml.v2
  version: a83829b6f1293c91addabc89d0571c246397bbf4
devImports: []
