hash: c019b1fee1f7eea2fb901cd095a5ecb03580d784a85a6a576fd8a56c3708c6d4
updated: 2016-07-15T11:24:54.902282067-07:00
imports:
- name: bitbucket.org/liamstask/goose
  version: 8488cc47d90c8a502b1c41a462a6d9cc8ee0a895
  subpackages:
  - lib/goose
- name: github.com/alecthomas/template
  version: a64c609483ffb78cb65d871cef58503d87e660fe
  subpackages:
  - parse
- name: github.com/alecthomas/units
  version: a64c609483ffb78cb65d871cef58503d87e660fe
- name: github.com/go-sql-driver/mysql
  version: a64c609483ffb78cb65d871cef58503d87e660fe
- name: github.com/gorilla/context
  version: a64c609483ffb78cb65d871cef58503d87e660fe
- name: github.com/gorilla/mux
  version: a64c609483ffb78cb65d871cef58503d87e660fe
- name: github.com/kylelemons/go-gypsy
  version: 42fc2c7ee9b8bd0ff636cd2d7a8c0a49491044c5
  subpackages:
  - yaml
- name: github.com/lib/pq
  version: 4dd446efc17690bc53e154025146f73203b18309
  subpackages:
  - oid
- name: github.com/mattn/go-sqlite3
  version: a64c609483ffb78cb65d871cef58503d87e660fe
- name: github.com/ziutek/mymysql
  version: 8787d5581eb63f3f3b447f40c13f8e69e73f1b58
  subpackages:
  - godrv
  - mysql
  - native
- name: golang.org/x/crypto
  version: a64c609483ffb78cb65d871cef58503d87e660fe
  subpackages:
  - ssh
  - curve25519
  - ed25519
  - ed25519/internal/edwards25519
- name: gopkg.in/alecthomas/kingpin.v2
  version: a64c609483ffb78cb65d871cef58503d87e660fe
- name: gopkg.in/yaml.v2
  version: a64c609483ffb78cb65d871cef58503d87e660fe
testImports: []
